// !$*UTF8*$!
{
	archiveVersion = 1;
	classes = {
	};
	objectVersion = 56;
	objects = {

/* Begin PBXBuildFile section */
		E274A1402BC9FE7500AD4365 /* AppDelegate.swift in Sources */ = {isa = PBXBuildFile; fileRef = E274A13F2BC9FE7500AD4365 /* AppDelegate.swift */; };
		E274A1422BC9FE7500AD4365 /* SceneDelegate.swift in Sources */ = {isa = PBXBuildFile; fileRef = E274A1412BC9FE7500AD4365 /* SceneDelegate.swift */; };
		E274A1442BC9FE7500AD4365 /* ViewController.swift in Sources */ = {isa = PBXBuildFile; fileRef = E274A1432BC9FE7500AD4365 /* ViewController.swift */; };
		E274A1472BC9FE7500AD4365 /* Base in Resources */ = {isa = PBXBuildFile; fileRef = E274A1462BC9FE7500AD4365 /* Base */; };
		E274A14A2BC9FE7500AD4365 /* Pavan_Savaliya_FA_8944001.xcdatamodeld in Sources */ = {isa = PBXBuildFile; fileRef = E274A1482BC9FE7500AD4365 /* Pavan_Savaliya_FA_8944001.xcdatamodeld */; };
		E274A14C2BC9FE7700AD4365 /* Assets.xcassets in Resources */ = {isa = PBXBuildFile; fileRef = E274A14B2BC9FE7700AD4365 /* Assets.xcassets */; };
		E274A14F2BC9FE7700AD4365 /* Base in Resources */ = {isa = PBXBuildFile; fileRef = E274A14E2BC9FE7700AD4365 /* Base */; };
		E274A15A2BC9FE7700AD4365 /* Pavan_Savaliya_FA_8944001Tests.swift in Sources */ = {isa = PBXBuildFile; fileRef = E274A1592BC9FE7700AD4365 /* Pavan_Savaliya_FA_8944001Tests.swift */; };
		E274A1642BC9FE7700AD4365 /* Pavan_Savaliya_FA_8944001UITests.swift in Sources */ = {isa = PBXBuildFile; fileRef = E274A1632BC9FE7700AD4365 /* Pavan_Savaliya_FA_8944001UITests.swift */; };
		E274A1662BC9FE7700AD4365 /* Pavan_Savaliya_FA_8944001UITestsLaunchTests.swift in Sources */ = {isa = PBXBuildFile; fileRef = E274A1652BC9FE7700AD4365 /* Pavan_Savaliya_FA_8944001UITestsLaunchTests.swift */; };
		E274A1732BC9FEC300AD4365 /* Weather.swift in Sources */ = {isa = PBXBuildFile; fileRef = E274A1722BC9FEC300AD4365 /* Weather.swift */; };
		E274A1752BC9FEEF00AD4365 /* newsViewController.swift in Sources */ = {isa = PBXBuildFile; fileRef = E274A1742BC9FEEF00AD4365 /* newsViewController.swift */; };
		E274A1772BC9FF0A00AD4365 /* weatherViewController.swift in Sources */ = {isa = PBXBuildFile; fileRef = E274A1762BC9FF0A00AD4365 /* weatherViewController.swift */; };
		E274A1792BC9FF2C00AD4365 /* historyViewController.swift in Sources */ = {isa = PBXBuildFile; fileRef = E274A1782BC9FF2C00AD4365 /* historyViewController.swift */; };
		E274A17B2BC9FF5600AD4365 /* mapViewController.swift in Sources */ = {isa = PBXBuildFile; fileRef = E274A17A2BC9FF5600AD4365 /* mapViewController.swift */; };
/* End PBXBuildFile section */

/* Begin PBXContainerItemProxy section */
		E274A1562BC9FE7700AD4365 /* PBXContainerItemProxy */ = {
			isa = PBXContainerItemProxy;
			containerPortal = E274A1342BC9FE7500AD4365 /* Project object */;
			proxyType = 1;
			remoteGlobalIDString = E274A13B2BC9FE7500AD4365;
			remoteInfo = Pavan_Savaliya_FA_8944001;
		};
		E274A1602BC9FE7700AD4365 /* PBXContainerItemProxy */ = {
			isa = PBXContainerItemProxy;
			containerPortal = E274A1342BC9FE7500AD4365 /* Project object */;
			proxyType = 1;
			remoteGlobalIDString = E274A13B2BC9FE7500AD4365;
			remoteInfo = Pavan_Savaliya_FA_8944001;
		};
/* End PBXContainerItemProxy section */

/* Begin PBXFileReference section */
		E274A13C2BC9FE7500AD4365 /* Pavan_Savaliya_FA_8944001.app */ = {isa = PBXFileReference; explicitFileType = wrapper.application; includeInIndex = 0; path = Pavan_Savaliya_FA_8944001.app; sourceTree = BUILT_PRODUCTS_DIR; };
		E274A13F2BC9FE7500AD4365 /* AppDelegate.swift */ = {isa = PBXFileReference; lastKnownFileType = sourcecode.swift; path = AppDelegate.swift; sourceTree = "<group>"; };
		E274A1412BC9FE7500AD4365 /* SceneDelegate.swift */ = {isa = PBXFileReference; lastKnownFileType = sourcecode.swift; path = SceneDelegate.swift; sourceTree = "<group>"; };
		E274A1432BC9FE7500AD4365 /* ViewController.swift */ = {isa = PBXFileReference; lastKnownFileType = sourcecode.swift; path = ViewController.swift; sourceTree = "<group>"; };
		E274A1462BC9FE7500AD4365 /* Base */ = {isa = PBXFileReference; lastKnownFileType = file.storyboard; name = Base; path = Base.lproj/Main.storyboard; sourceTree = "<group>"; };
		E274A1492BC9FE7500AD4365 /* Pavan_Savaliya_FA_8944001.xcdatamodel */ = {isa = PBXFileReference; lastKnownFileType = wrapper.xcdatamodel; path = Pavan_Savaliya_FA_8944001.xcdatamodel; sourceTree = "<group>"; };
		E274A14B2BC9FE7700AD4365 /* Assets.xcassets */ = {isa = PBXFileReference; lastKnownFileType = folder.assetcatalog; path = Assets.xcassets; sourceTree = "<group>"; };
		E274A14E2BC9FE7700AD4365 /* Base */ = {isa = PBXFileReference; lastKnownFileType = file.storyboard; name = Base; path = Base.lproj/LaunchScreen.storyboard; sourceTree = "<group>"; };
		E274A1502BC9FE7700AD4365 /* Info.plist */ = {isa = PBXFileReference; lastKnownFileType = text.plist.xml; path = Info.plist; sourceTree = "<group>"; };
		E274A1552BC9FE7700AD4365 /* Pavan_Savaliya_FA_8944001Tests.xctest */ = {isa = PBXFileReference; explicitFileType = wrapper.cfbundle; includeInIndex = 0; path = Pavan_Savaliya_FA_8944001Tests.xctest; sourceTree = BUILT_PRODUCTS_DIR; };
		E274A1592BC9FE7700AD4365 /* Pavan_Savaliya_FA_8944001Tests.swift */ = {isa = PBXFileReference; lastKnownFileType = sourcecode.swift; path = Pavan_Savaliya_FA_8944001Tests.swift; sourceTree = "<group>"; };
		E274A15F2BC9FE7700AD4365 /* Pavan_Savaliya_FA_8944001UITests.xctest */ = {isa = PBXFileReference; explicitFileType = wrapper.cfbundle; includeInIndex = 0; path = Pavan_Savaliya_FA_8944001UITests.xctest; sourceTree = BUILT_PRODUCTS_DIR; };
		E274A1632BC9FE7700AD4365 /* Pavan_Savaliya_FA_8944001UITests.swift */ = {isa = PBXFileReference; lastKnownFileType = sourcecode.swift; path = Pavan_Savaliya_FA_8944001UITests.swift; sourceTree = "<group>"; };
		E274A1652BC9FE7700AD4365 /* Pavan_Savaliya_FA_8944001UITestsLaunchTests.swift */ = {isa = PBXFileReference; lastKnownFileType = sourcecode.swift; path = Pavan_Savaliya_FA_8944001UITestsLaunchTests.swift; sourceTree = "<group>"; };
		E274A1722BC9FEC300AD4365 /* Weather.swift */ = {isa = PBXFileReference; lastKnownFileType = sourcecode.swift; path = Weather.swift; sourceTree = "<group>"; };
		E274A1742BC9FEEF00AD4365 /* newsViewController.swift */ = {isa = PBXFileReference; lastKnownFileType = sourcecode.swift; path = newsViewController.swift; sourceTree = "<group>"; };
		E274A1762BC9FF0A00AD4365 /* weatherViewController.swift */ = {isa = PBXFileReference; lastKnownFileType = sourcecode.swift; path = weatherViewController.swift; sourceTree = "<group>"; };
		E274A1782BC9FF2C00AD4365 /* historyViewController.swift */ = {isa = PBXFileReference; lastKnownFileType = sourcecode.swift; path = historyViewController.swift; sourceTree = "<group>"; };
		E274A17A2BC9FF5600AD4365 /* mapViewController.swift */ = {isa = PBXFileReference; lastKnownFileType = sourcecode.swift; path = mapViewController.swift; sourceTree = "<group>"; };
/* End PBXFileReference section */

/* Begin PBXFrameworksBuildPhase section */
		E274A1392BC9FE7500AD4365 /* Frameworks */ = {
			isa = PBXFrameworksBuildPhase;
			buildActionMask = 2147483647;
			files = (
			);
			runOnlyForDeploymentPostprocessing = 0;
		};
		E274A1522BC9FE7700AD4365 /* Frameworks */ = {
			isa = PBXFrameworksBuildPhase;
			buildActionMask = 2147483647;
			files = (
			);
			runOnlyForDeploymentPostprocessing = 0;
		};
		E274A15C2BC9FE7700AD4365 /* Frameworks */ = {
			isa = PBXFrameworksBuildPhase;
			buildActionMask = 2147483647;
			files = (
			);
			runOnlyForDeploymentPostprocessing = 0;
		};
/* End PBXFrameworksBuildPhase section */

/* Begin PBXGroup section */
		E274A1332BC9FE7500AD4365 = {
			isa = PBXGroup;
			children = (
				E274A13E2BC9FE7500AD4365 /* Pavan_Savaliya_FA_8944001 */,
				E274A1582BC9FE7700AD4365 /* Pavan_Savaliya_FA_8944001Tests */,
				E274A1622BC9FE7700AD4365 /* Pavan_Savaliya_FA_8944001UITests */,
				E274A13D2BC9FE7500AD4365 /* Products */,
			);
			sourceTree = "<group>";
		};
		E274A13D2BC9FE7500AD4365 /* Products */ = {
			isa = PBXGroup;
			children = (
				E274A13C2BC9FE7500AD4365 /* Pavan_Savaliya_FA_8944001.app */,
				E274A1552BC9FE7700AD4365 /* Pavan_Savaliya_FA_8944001Tests.xctest */,
				E274A15F2BC9FE7700AD4365 /* Pavan_Savaliya_FA_8944001UITests.xctest */,
			);
			name = Products;
			sourceTree = "<group>";
		};
		E274A13E2BC9FE7500AD4365 /* Pavan_Savaliya_FA_8944001 */ = {
			isa = PBXGroup;
			children = (
				E274A13F2BC9FE7500AD4365 /* AppDelegate.swift */,
				E274A1412BC9FE7500AD4365 /* SceneDelegate.swift */,
				E274A1432BC9FE7500AD4365 /* ViewController.swift */,
				E274A1452BC9FE7500AD4365 /* Main.storyboard */,
				E274A14B2BC9FE7700AD4365 /* Assets.xcassets */,
				E274A14D2BC9FE7700AD4365 /* LaunchScreen.storyboard */,
				E274A1502BC9FE7700AD4365 /* Info.plist */,
				E274A1482BC9FE7500AD4365 /* Pavan_Savaliya_FA_8944001.xcdatamodeld */,
				E274A1722BC9FEC300AD4365 /* Weather.swift */,
				E274A1742BC9FEEF00AD4365 /* newsViewController.swift */,
				E274A1762BC9FF0A00AD4365 /* weatherViewController.swift */,
				E274A1782BC9FF2C00AD4365 /* historyViewController.swift */,
				E274A17A2BC9FF5600AD4365 /* mapViewController.swift */,
			);
			path = Pavan_Savaliya_FA_8944001;
			sourceTree = "<group>";
		};
		E274A1582BC9FE7700AD4365 /* Pavan_Savaliya_FA_8944001Tests */ = {
			isa = PBXGroup;
			children = (
				E274A1592BC9FE7700AD4365 /* Pavan_Savaliya_FA_8944001Tests.swift */,
			);
			path = Pavan_Savaliya_FA_8944001Tests;
			sourceTree = "<group>";
		};
		E274A1622BC9FE7700AD4365 /* Pavan_Savaliya_FA_8944001UITests */ = {
			isa = PBXGroup;
			children = (
				E274A1632BC9FE7700AD4365 /* Pavan_Savaliya_FA_8944001UITests.swift */,
				E274A1652BC9FE7700AD4365 /* Pavan_Savaliya_FA_8944001UITestsLaunchTests.swift */,
			);
			path = Pavan_Savaliya_FA_8944001UITests;
			sourceTree = "<group>";
		};
/* End PBXGroup section */

/* Begin PBXNativeTarget section */
		E274A13B2BC9FE7500AD4365 /* Pavan_Savaliya_FA_8944001 */ = {
			isa = PBXNativeTarget;
			buildConfigurationList = E274A1692BC9FE7700AD4365 /* Build configuration list for PBXNativeTarget "Pavan_Savaliya_FA_8944001" */;
			buildPhases = (
				E274A1382BC9FE7500AD4365 /* Sources */,
				E274A1392BC9FE7500AD4365 /* Frameworks */,
				E274A13A2BC9FE7500AD4365 /* Resources */,
			);
			buildRules = (
			);
			dependencies = (
			);
			name = Pavan_Savaliya_FA_8944001;
			productName = Pavan_Savaliya_FA_8944001;
			productReference = E274A13C2BC9FE7500AD4365 /* Pavan_Savaliya_FA_8944001.app */;
			productType = "com.apple.product-type.application";
		};
		E274A1542BC9FE7700AD4365 /* Pavan_Savaliya_FA_8944001Tests */ = {
			isa = PBXNativeTarget;
			buildConfigurationList = E274A16C2BC9FE7700AD4365 /* Build configuration list for PBXNativeTarget "Pavan_Savaliya_FA_8944001Tests" */;
			buildPhases = (
				E274A1512BC9FE7700AD4365 /* Sources */,
				E274A1522BC9FE7700AD4365 /* Frameworks */,
				E274A1532BC9FE7700AD4365 /* Resources */,
			);
			buildRules = (
			);
			dependencies = (
				E274A1572BC9FE7700AD4365 /* PBXTargetDependency */,
			);
			name = Pavan_Savaliya_FA_8944001Tests;
			productName = Pavan_Savaliya_FA_8944001Tests;
			productReference = E274A1552BC9FE7700AD4365 /* Pavan_Savaliya_FA_8944001Tests.xctest */;
			productType = "com.apple.product-type.bundle.unit-test";
		};
		E274A15E2BC9FE7700AD4365 /* Pavan_Savaliya_FA_8944001UITests */ = {
			isa = PBXNativeTarget;
			buildConfigurationList = E274A16F2BC9FE7700AD4365 /* Build configuration list for PBXNativeTarget "Pavan_Savaliya_FA_8944001UITests" */;
			buildPhases = (
				E274A15B2BC9FE7700AD4365 /* Sources */,
				E274A15C2BC9FE7700AD4365 /* Frameworks */,
				E274A15D2BC9FE7700AD4365 /* Resources */,
			);
			buildRules = (
			);
			dependencies = (
				E274A1612BC9FE7700AD4365 /* PBXTargetDependency */,
			);
			name = Pavan_Savaliya_FA_8944001UITests;
			productName = Pavan_Savaliya_FA_8944001UITests;
			productReference = E274A15F2BC9FE7700AD4365 /* Pavan_Savaliya_FA_8944001UITests.xctest */;
			productType = "com.apple.product-type.bundle.ui-testing";
		};
/* End PBXNativeTarget section */

/* Begin PBXProject section */
		E274A1342BC9FE7500AD4365 /* Project object */ = {
			isa = PBXProject;
			attributes = {
				BuildIndependentTargetsInParallel = 1;
				LastSwiftUpdateCheck = 1530;
				LastUpgradeCheck = 1530;
				TargetAttributes = {
					E274A13B2BC9FE7500AD4365 = {
						CreatedOnToolsVersion = 15.3;
					};
					E274A1542BC9FE7700AD4365 = {
						CreatedOnToolsVersion = 15.3;
						TestTargetID = E274A13B2BC9FE7500AD4365;
					};
					E274A15E2BC9FE7700AD4365 = {
						CreatedOnToolsVersion = 15.3;
						TestTargetID = E274A13B2BC9FE7500AD4365;
					};
				};
			};
			buildConfigurationList = E274A1372BC9FE7500AD4365 /* Build configuration list for PBXProject "Pavan_Savaliya_FA_8944001" */;
			compatibilityVersion = "Xcode 14.0";
			developmentRegion = en;
			hasScannedForEncodings = 0;
			knownRegions = (
				en,
				Base,
			);
			mainGroup = E274A1332BC9FE7500AD4365;
			productRefGroup = E274A13D2BC9FE7500AD4365 /* Products */;
			projectDirPath = "";
			projectRoot = "";
			targets = (
				E274A13B2BC9FE7500AD4365 /* Pavan_Savaliya_FA_8944001 */,
				E274A1542BC9FE7700AD4365 /* Pavan_Savaliya_FA_8944001Tests */,
				E274A15E2BC9FE7700AD4365 /* Pavan_Savaliya_FA_8944001UITests */,
			);
		};
/* End PBXProject section */

/* Begin PBXResourcesBuildPhase section */
		E274A13A2BC9FE7500AD4365 /* Resources */ = {
			isa = PBXResourcesBuildPhase;
			buildActionMask = 2147483647;
			files = (
				E274A14C2BC9FE7700AD4365 /* Assets.xcassets in Resources */,
				E274A14F2BC9FE7700AD4365 /* Base in Resources */,
				E274A1472BC9FE7500AD4365 /* Base in Resources */,
			);
			runOnlyForDeploymentPostprocessing = 0;
		};
		E274A1532BC9FE7700AD4365 /* Resources */ = {
			isa = PBXResourcesBuildPhase;
			buildActionMask = 2147483647;
			files = (
			);
			runOnlyForDeploymentPostprocessing = 0;
		};
		E274A15D2BC9FE7700AD4365 /* Resources */ = {
			isa = PBXResourcesBuildPhase;
			buildActionMask = 2147483647;
			files = (
			);
			runOnlyForDeploymentPostprocessing = 0;
		};
/* End PBXResourcesBuildPhase section */

/* Begin PBXSourcesBuildPhase section */
		E274A1382BC9FE7500AD4365 /* Sources */ = {
			isa = PBXSourcesBuildPhase;
			buildActionMask = 2147483647;
			files = (
				E274A14A2BC9FE7500AD4365 /* Pavan_Savaliya_FA_8944001.xcdatamodeld in Sources */,
				E274A1442BC9FE7500AD4365 /* ViewController.swift in Sources */,
				E274A1772BC9FF0A00AD4365 /* weatherViewController.swift in Sources */,
				E274A1402BC9FE7500AD4365 /* AppDelegate.swift in Sources */,
				E274A1422BC9FE7500AD4365 /* SceneDelegate.swift in Sources */,
				E274A1732BC9FEC300AD4365 /* Weather.swift in Sources */,
				E274A17B2BC9FF5600AD4365 /* mapViewController.swift in Sources */,
				E274A1752BC9FEEF00AD4365 /* newsViewController.swift in Sources */,
				E274A1792BC9FF2C00AD4365 /* historyViewController.swift in Sources */,
			);
			runOnlyForDeploymentPostprocessing = 0;
		};
		E274A1512BC9FE7700AD4365 /* Sources */ = {
			isa = PBXSourcesBuildPhase;
			buildActionMask = 2147483647;
			files = (
				E274A15A2BC9FE7700AD4365 /* Pavan_Savaliya_FA_8944001Tests.swift in Sources */,
			);
			runOnlyForDeploymentPostprocessing = 0;
		};
		E274A15B2BC9FE7700AD4365 /* Sources */ = {
			isa = PBXSourcesBuildPhase;
			buildActionMask = 2147483647;
			files = (
				E274A1642BC9FE7700AD4365 /* Pavan_Savaliya_FA_8944001UITests.swift in Sources */,
				E274A1662BC9FE7700AD4365 /* Pavan_Savaliya_FA_8944001UITestsLaunchTests.swift in Sources */,
			);
			runOnlyForDeploymentPostprocessing = 0;
		};
/* End PBXSourcesBuildPhase section */

/* Begin PBXTargetDependency section */
		E274A1572BC9FE7700AD4365 /* PBXTargetDependency */ = {
			isa = PBXTargetDependency;
			target = E274A13B2BC9FE7500AD4365 /* Pavan_Savaliya_FA_8944001 */;
			targetProxy = E274A1562BC9FE7700AD4365 /* PBXContainerItemProxy */;
		};
		E274A1612BC9FE7700AD4365 /* PBXTargetDependency */ = {
			isa = PBXTargetDependency;
			target = E274A13B2BC9FE7500AD4365 /* Pavan_Savaliya_FA_8944001 */;
			targetProxy = E274A1602BC9FE7700AD4365 /* PBXContainerItemProxy */;
		};
/* End PBXTargetDependency section */

/* Begin PBXVariantGroup section */
		E274A1452BC9FE7500AD4365 /* Main.storyboard */ = {
			isa = PBXVariantGroup;
			children = (
				E274A1462BC9FE7500AD4365 /* Base */,
			);
			name = Main.storyboard;
			sourceTree = "<group>";
		};
		E274A14D2BC9FE7700AD4365 /* LaunchScreen.storyboard */ = {
			isa = PBXVariantGroup;
			children = (
				E274A14E2BC9FE7700AD4365 /* Base */,
			);
			name = LaunchScreen.storyboard;
			sourceTree = "<group>";
		};
/* End PBXVariantGroup section */

/* Begin XCBuildConfiguration section */
		E274A1672BC9FE7700AD4365 /* Debug */ = {
			isa = XCBuildConfiguration;
			buildSettings = {
				ALWAYS_SEARCH_USER_PATHS = NO;
				ASSETCATALOG_COMPILER_GENERATE_SWIFT_ASSET_SYMBOL_EXTENSIONS = YES;
				CLANG_ANALYZER_NONNULL = YES;
				CLANG_ANALYZER_NUMBER_OBJECT_CONVERSION = YES_AGGRESSIVE;
				CLANG_CXX_LANGUAGE_STANDARD = "gnu++20";
				CLANG_ENABLE_MODULES = YES;
				CLANG_ENABLE_OBJC_ARC = YES;
				CLANG_ENABLE_OBJC_WEAK = YES;
				CLANG_WARN_BLOCK_CAPTURE_AUTORELEASING = YES;
				CLANG_WARN_BOOL_CONVERSION = YES;
				CLANG_WARN_COMMA = YES;
				CLANG_WARN_CONSTANT_CONVERSION = YES;
				CLANG_WARN_DEPRECATED_OBJC_IMPLEMENTATIONS = YES;
				CLANG_WARN_DIRECT_OBJC_ISA_USAGE = YES_ERROR;
				CLANG_WARN_DOCUMENTATION_COMMENTS = YES;
				CLANG_WARN_EMPTY_BODY = YES;
				CLANG_WARN_ENUM_CONVERSION = YES;
				CLANG_WARN_INFINITE_RECURSION = YES;
				CLANG_WARN_INT_CONVERSION = YES;
				CLANG_WARN_NON_LITERAL_NULL_CONVERSION = YES;
				CLANG_WARN_OBJC_IMPLICIT_RETAIN_SELF = YES;
				CLANG_WARN_OBJC_LITERAL_CONVERSION = YES;
				CLANG_WARN_OBJC_ROOT_CLASS = YES_ERROR;
				CLANG_WARN_QUOTED_INCLUDE_IN_FRAMEWORK_HEADER = YES;
				CLANG_WARN_RANGE_LOOP_ANALYSIS = YES;
				CLANG_WARN_STRICT_PROTOTYPES = YES;
				CLANG_WARN_SUSPICIOUS_MOVE = YES;
				CLANG_WARN_UNGUARDED_AVAILABILITY = YES_AGGRESSIVE;
				CLANG_WARN_UNREACHABLE_CODE = YES;
				CLANG_WARN__DUPLICATE_METHOD_MATCH = YES;
				COPY_PHASE_STRIP = NO;
				DEBUG_INFORMATION_FORMAT = dwarf;
				ENABLE_STRICT_OBJC_MSGSEND = YES;
				ENABLE_TESTABILITY = YES;
				ENABLE_USER_SCRIPT_SANDBOXING = YES;
				GCC_C_LANGUAGE_STANDARD = gnu17;
				GCC_DYNAMIC_NO_PIC = NO;
				GCC_NO_COMMON_BLOCKS = YES;
				GCC_OPTIMIZATION_LEVEL = 0;
				GCC_PREPROCESSOR_DEFINITIONS = (
					"DEBUG=1",
					"$(inherited)",
				);
				GCC_WARN_64_TO_32_BIT_CONVERSION = YES;
				GCC_WARN_ABOUT_RETURN_TYPE = YES_ERROR;
				GCC_WARN_UNDECLARED_SELECTOR = YES;
				GCC_WARN_UNINITIALIZED_AUTOS = YES_AGGRESSIVE;
				GCC_WARN_UNUSED_FUNCTION = YES;
				GCC_WARN_UNUSED_VARIABLE = YES;
				IPHONEOS_DEPLOYMENT_TARGET = 17.4;
				LOCALIZATION_PREFERS_STRING_CATALOGS = YES;
				MTL_ENABLE_DEBUG_INFO = INCLUDE_SOURCE;
				MTL_FAST_MATH = YES;
				ONLY_ACTIVE_ARCH = YES;
				SDKROOT = iphoneos;
				SWIFT_ACTIVE_COMPILATION_CONDITIONS = "DEBUG $(inherited)";
				SWIFT_OPTIMIZATION_LEVEL = "-Onone";
			};
			name = Debug;
		};
		E274A1682BC9FE7700AD4365 /* Release */ = {
			isa = XCBuildConfiguration;
			buildSettings = {
				ALWAYS_SEARCH_USER_PATHS = NO;
				ASSETCATALOG_COMPILER_GENERATE_SWIFT_ASSET_SYMBOL_EXTENSIONS = YES;
				CLANG_ANALYZER_NONNULL = YES;
				CLANG_ANALYZER_NUMBER_OBJECT_CONVERSION = YES_AGGRESSIVE;
				CLANG_CXX_LANGUAGE_STANDARD = "gnu++20";
				CLANG_ENABLE_MODULES = YES;
				CLANG_ENABLE_OBJC_ARC = YES;
				CLANG_ENABLE_OBJC_WEAK = YES;
				CLANG_WARN_BLOCK_CAPTURE_AUTORELEASING = YES;
				CLANG_WARN_BOOL_CONVERSION = YES;
				CLANG_WARN_COMMA = YES;
				CLANG_WARN_CONSTANT_CONVERSION = YES;
				CLANG_WARN_DEPRECATED_OBJC_IMPLEMENTATIONS = YES;
				CLANG_WARN_DIRECT_OBJC_ISA_USAGE = YES_ERROR;
				CLANG_WARN_DOCUMENTATION_COMMENTS = YES;
				CLANG_WARN_EMPTY_BODY = YES;
				CLANG_WARN_ENUM_CONVERSION = YES;
				CLANG_WARN_INFINITE_RECURSION = YES;
				CLANG_WARN_INT_CONVERSION = YES;
				CLANG_WARN_NON_LITERAL_NULL_CONVERSION = YES;
				CLANG_WARN_OBJC_IMPLICIT_RETAIN_SELF = YES;
				CLANG_WARN_OBJC_LITERAL_CONVERSION = YES;
				CLANG_WARN_OBJC_ROOT_CLASS = YES_ERROR;
				CLANG_WARN_QUOTED_INCLUDE_IN_FRAMEWORK_HEADER = YES;
				CLANG_WARN_RANGE_LOOP_ANALYSIS = YES;
				CLANG_WARN_STRICT_PROTOTYPES = YES;
				CLANG_WARN_SUSPICIOUS_MOVE = YES;
				CLANG_WARN_UNGUARDED_AVAILABILITY = YES_AGGRESSIVE;
				CLANG_WARN_UNREACHABLE_CODE = YES;
				CLANG_WARN__DUPLICATE_METHOD_MATCH = YES;
				COPY_PHASE_STRIP = NO;
				DEBUG_INFORMATION_FORMAT = "dwarf-with-dsym";
				ENABLE_NS_ASSERTIONS = NO;
				ENABLE_STRICT_OBJC_MSGSEND = YES;
				ENABLE_USER_SCRIPT_SANDBOXING = YES;
				GCC_C_LANGUAGE_STANDARD = gnu17;
				GCC_NO_COMMON_BLOCKS = YES;
				GCC_WARN_64_TO_32_BIT_CONVERSION = YES;
				GCC_WARN_ABOUT_RETURN_TYPE = YES_ERROR;
				GCC_WARN_UNDECLARED_SELECTOR = YES;
				GCC_WARN_UNINITIALIZED_AUTOS = YES_AGGRESSIVE;
				GCC_WARN_UNUSED_FUNCTION = YES;
				GCC_WARN_UNUSED_VARIABLE = YES;
				IPHONEOS_DEPLOYMENT_TARGET = 17.4;
				LOCALIZATION_PREFERS_STRING_CATALOGS = YES;
				MTL_ENABLE_DEBUG_INFO = NO;
				MTL_FAST_MATH = YES;
				SDKROOT = iphoneos;
				SWIFT_COMPILATION_MODE = wholemodule;
				VALIDATE_PRODUCT = YES;
			};
			name = Release;
		};
		E274A16A2BC9FE7700AD4365 /* Debug */ = {
			isa = XCBuildConfiguration;
			buildSettings = {
				ASSETCATALOG_COMPILER_APPICON_NAME = AppIcon;
				ASSETCATALOG_COMPILER_GLOBAL_ACCENT_COLOR_NAME = AccentColor;
				CODE_SIGN_STYLE = Automatic;
				CURRENT_PROJECT_VERSION = 1;
				GENERATE_INFOPLIST_FILE = YES;
				INFOPLIST_FILE = Pavan_Savaliya_FA_8944001/Info.plist;
				INFOPLIST_KEY_UIApplicationSupportsIndirectInputEvents = YES;
				INFOPLIST_KEY_UILaunchStoryboardName = LaunchScreen;
				INFOPLIST_KEY_UIMainStoryboardFile = Main;
				INFOPLIST_KEY_UISupportedInterfaceOrientations_iPad = "UIInterfaceOrientationPortrait UIInterfaceOrientationPortraitUpsideDown UIInterfaceOrientationLandscapeLeft UIInterfaceOrientationLandscapeRight";
				INFOPLIST_KEY_UISupportedInterfaceOrientations_iPhone = "UIInterfaceOrientationPortrait UIInterfaceOrientationLandscapeLeft UIInterfaceOrientationLandscapeRight";
				LD_RUNPATH_SEARCH_PATHS = (
					"$(inherited)",
					"@executable_path/Frameworks",
				);
				MARKETING_VERSION = 1.0;
				PRODUCT_BUNDLE_IDENTIFIER = "Pavan-Savaliya.Pavan-Savaliya-FA-8944001";
				PRODUCT_NAME = "$(TARGET_NAME)";
				SWIFT_EMIT_LOC_STRINGS = YES;
				SWIFT_VERSION = 5.0;
				TARGETED_DEVICE_FAMILY = "1,2";
			};
			name = Debug;
		};
		E274A16B2BC9FE7700AD4365 /* Release */ = {
			isa = XCBuildConfiguration;
			buildSettings = {
				ASSETCATALOG_COMPILER_APPICON_NAME = AppIcon;
				ASSETCATALOG_COMPILER_GLOBAL_ACCENT_COLOR_NAME = AccentColor;
				CODE_SIGN_STYLE = Automatic;
				CURRENT_PROJECT_VERSION = 1;
				GENERATE_INFOPLIST_FILE = YES;
				INFOPLIST_FILE = Pavan_Savaliya_FA_8944001/Info.plist;
				INFOPLIST_KEY_UIApplicationSupportsIndirectInputEvents = YES;
				INFOPLIST_KEY_UILaunchStoryboardName = LaunchScreen;
				INFOPLIST_KEY_UIMainStoryboardFile = Main;
				INFOPLIST_KEY_UISupportedInterfaceOrientations_iPad = "UIInterfaceOrientationPortrait UIInterfaceOrientationPortraitUpsideDown UIInterfaceOrientationLandscapeLeft UIInterfaceOrientationLandscapeRight";
				INFOPLIST_KEY_UISupportedInterfaceOrientations_iPhone = "UIInterfaceOrientationPortrait UIInterfaceOrientationLandscapeLeft UIInterfaceOrientationLandscapeRight";
				LD_RUNPATH_SEARCH_PATHS = (
					"$(inherited)",
					"@executable_path/Frameworks",
				);
				MARKETING_VERSION = 1.0;
				PRODUCT_BUNDLE_IDENTIFIER = "Pavan-Savaliya.Pavan-Savaliya-FA-8944001";
				PRODUCT_NAME = "$(TARGET_NAME)";
				SWIFT_EMIT_LOC_STRINGS = YES;
				SWIFT_VERSION = 5.0;
				TARGETED_DEVICE_FAMILY = "1,2";
			};
			name = Release;
		};
		E274A16D2BC9FE7700AD4365 /* Debug */ = {
			isa = XCBuildConfiguration;
			buildSettings = {
				ALWAYS_EMBED_SWIFT_STANDARD_LIBRARIES = YES;
				BUNDLE_LOADER = "$(TEST_HOST)";
				CODE_SIGN_STYLE = Automatic;
				CURRENT_PROJECT_VERSION = 1;
				GENERATE_INFOPLIST_FILE = YES;
				IPHONEOS_DEPLOYMENT_TARGET = 17.4;
				MARKETING_VERSION = 1.0;
				PRODUCT_BUNDLE_IDENTIFIER = "Pavan-Savaliya.Pavan-Savaliya-FA-8944001Tests";
				PRODUCT_NAME = "$(TARGET_NAME)";
				SWIFT_EMIT_LOC_STRINGS = NO;
				SWIFT_VERSION = 5.0;
				TARGETED_DEVICE_FAMILY = "1,2";
				TEST_HOST = "$(BUILT_PRODUCTS_DIR)/Pavan_Savaliya_FA_8944001.app/$(BUNDLE_EXECUTABLE_FOLDER_PATH)/Pavan_Savaliya_FA_8944001";
			};
			name = Debug;
		};
		E274A16E2BC9FE7700AD4365 /* Release */ = {
			isa = XCBuildConfiguration;
			buildSettings = {
				ALWAYS_EMBED_SWIFT_STANDARD_LIBRARIES = YES;
				BUNDLE_LOADER = "$(TEST_HOST)";
				CODE_SIGN_STYLE = Automatic;
				CURRENT_PROJECT_VERSION = 1;
				GENERATE_INFOPLIST_FILE = YES;
				IPHONEOS_DEPLOYMENT_TARGET = 17.4;
				MARKETING_VERSION = 1.0;
				PRODUCT_BUNDLE_IDENTIFIER = "Pavan-Savaliya.Pavan-Savaliya-FA-8944001Tests";
				PRODUCT_NAME = "$(TARGET_NAME)";
				SWIFT_EMIT_LOC_STRINGS = NO;
				SWIFT_VERSION = 5.0;
				TARGETED_DEVICE_FAMILY = "1,2";
				TEST_HOST = "$(BUILT_PRODUCTS_DIR)/Pavan_Savaliya_FA_8944001.app/$(BUNDLE_EXECUTABLE_FOLDER_PATH)/Pavan_Savaliya_FA_8944001";
			};
			name = Release;
		};
		E274A1702BC9FE7700AD4365 /* Debug */ = {
			isa = XCBuildConfiguration;
			buildSettings = {
				ALWAYS_EMBED_SWIFT_STANDARD_LIBRARIES = YES;
				CODE_SIGN_STYLE = Automatic;
				CURRENT_PROJECT_VERSION = 1;
				GENERATE_INFOPLIST_FILE = YES;
				MARKETING_VERSION = 1.0;
				PRODUCT_BUNDLE_IDENTIFIER = "Pavan-Savaliya.Pavan-Savaliya-FA-8944001UITests";
				PRODUCT_NAME = "$(TARGET_NAME)";
				SWIFT_EMIT_LOC_STRINGS = NO;
				SWIFT_VERSION = 5.0;
				TARGETED_DEVICE_FAMILY = "1,2";
				TEST_TARGET_NAME = Pavan_Savaliya_FA_8944001;
			};
			name = Debug;
		};
		E274A1712BC9FE7700AD4365 /* Release */ = {
			isa = XCBuildConfiguration;
			buildSettings = {
				ALWAYS_EMBED_SWIFT_STANDARD_LIBRARIES = YES;
				CODE_SIGN_STYLE = Automatic;
				CURRENT_PROJECT_VERSION = 1;
				GENERATE_INFOPLIST_FILE = YES;
				MARKETING_VERSION = 1.0;
				PRODUCT_BUNDLE_IDENTIFIER = "Pavan-Savaliya.Pavan-Savaliya-FA-8944001UITests";
				PRODUCT_NAME = "$(TARGET_NAME)";
				SWIFT_EMIT_LOC_STRINGS = NO;
				SWIFT_VERSION = 5.0;
				TARGETED_DEVICE_FAMILY = "1,2";
				TEST_TARGET_NAME = Pavan_Savaliya_FA_8944001;
			};
			name = Release;
		};
/* End XCBuildConfiguration section */

/* Begin XCConfigurationList section */
		E274A1372BC9FE7500AD4365 /* Build configuration list for PBXProject "Pavan_Savaliya_FA_8944001" */ = {
			isa = XCConfigurationList;
			buildConfigurations = (
				E274A1672BC9FE7700AD4365 /* Debug */,
				E274A1682BC9FE7700AD4365 /* Release */,
			);
			defaultConfigurationIsVisible = 0;
			defaultConfigurationName = Release;
		};
		E274A1692BC9FE7700AD4365 /* Build configuration list for PBXNativeTarget "Pavan_Savaliya_FA_8944001" */ = {
			isa = XCConfigurationList;
			buildConfigurations = (
				E274A16A2BC9FE7700AD4365 /* Debug */,
				E274A16B2BC9FE7700AD4365 /* Release */,
			);
			defaultConfigurationIsVisible = 0;
			defaultConfigurationName = Release;
		};
		E274A16C2BC9FE7700AD4365 /* Build configuration list for PBXNativeTarget "Pavan_Savaliya_FA_8944001Tests" */ = {
			isa = XCConfigurationList;
			buildConfigurations = (
				E274A16D2BC9FE7700AD4365 /* Debug */,
				E274A16E2BC9FE7700AD4365 /* Release */,
			);
			defaultConfigurationIsVisible = 0;
			defaultConfigurationName = Release;
		};
		E274A16F2BC9FE7700AD4365 /* Build configuration list for PBXNativeTarget "Pavan_Savaliya_FA_8944001UITests" */ = {
			isa = XCConfigurationList;
			buildConfigurations = (
				E274A1702BC9FE7700AD4365 /* Debug */,
				E274A1712BC9FE7700AD4365 /* Release */,
			);
			defaultConfigurationIsVisible = 0;
			defaultConfigurationName = Release;
		};
/* End XCConfigurationList section */

/* Begin XCVersionGroup section */
		E274A1482BC9FE7500AD4365 /* Pavan_Savaliya_FA_8944001.xcdatamodeld */ = {
			isa = XCVersionGroup;
			children = (
				E274A1492BC9FE7500AD4365 /* Pavan_Savaliya_FA_8944001.xcdatamodel */,
			);
			currentVersion = E274A1492BC9FE7500AD4365 /* Pavan_Savaliya_FA_8944001.xcdatamodel */;
			path = Pavan_Savaliya_FA_8944001.xcdatamodeld;
			sourceTree = "<group>";
			versionGroupType = wrapper.xcdatamodel;
		};
/* End XCVersionGroup section */
	};
	rootObject = E274A1342BC9FE7500AD4365 /* Project object */;
}
